<?xml version="1.0" encoding="UTF-8"?>
<CodeBlocks_project_file>
	<FileVersion major="1" minor="6"/>
	<Project>
		<Option title="FormulaParser"/>
		<Option makefile_is_custom="1"/>
		<Option compiler="gcc"/>
		<Option virtualFolders="CMake Files\;"/>
		<Build>
			<Target title="all">
				<Option working_dir="/Users/govind/OneDrive - University College London/Documents/C/Logic And Databases/FormulaParser"/>
				<Option type="4"/>
				<MakeCommands>
					<Build command="/usr/bin/make -j4 -f &quot;/Users/govind/OneDrive\ -\ University\ College\ London/Documents/C/Logic\ And\ Databases/FormulaParser/Makefile&quot;  VERBOSE=1 all"/>
					<CompileFile command="/usr/bin/make -j4 -f &quot;/Users/govind/OneDrive\ -\ University\ College\ London/Documents/C/Logic\ And\ Databases/FormulaParser/Makefile&quot;  VERBOSE=1 &quot;$file&quot;"/>
					<Clean command="/usr/bin/make -j4 -f &quot;/Users/govind/OneDrive\ -\ University\ College\ London/Documents/C/Logic\ And\ Databases/FormulaParser/Makefile&quot;  VERBOSE=1 clean"/>
					<DistClean command="/usr/bin/make -j4 -f &quot;/Users/govind/OneDrive\ -\ University\ College\ London/Documents/C/Logic\ And\ Databases/FormulaParser/Makefile&quot;  VERBOSE=1 clean"/>
				</MakeCommands>
			</Target>
			<Target title="rebuild_cache">
				<Option working_dir="/Users/govind/OneDrive - University College London/Documents/C/Logic And Databases/FormulaParser"/>
				<Option type="4"/>
				<MakeCommands>
					<Build command="/usr/bin/make -j4 -f &quot;/Users/govind/OneDrive\ -\ University\ College\ London/Documents/C/Logic\ And\ Databases/FormulaParser/Makefile&quot;  VERBOSE=1 rebuild_cache"/>
					<CompileFile command="/usr/bin/make -j4 -f &quot;/Users/govind/OneDrive\ -\ University\ College\ London/Documents/C/Logic\ And\ Databases/FormulaParser/Makefile&quot;  VERBOSE=1 &quot;$file&quot;"/>
					<Clean command="/usr/bin/make -j4 -f &quot;/Users/govind/OneDrive\ -\ University\ College\ London/Documents/C/Logic\ And\ Databases/FormulaParser/Makefile&quot;  VERBOSE=1 clean"/>
					<DistClean command="/usr/bin/make -j4 -f &quot;/Users/govind/OneDrive\ -\ University\ College\ London/Documents/C/Logic\ And\ Databases/FormulaParser/Makefile&quot;  VERBOSE=1 clean"/>
				</MakeCommands>
			</Target>
			<Target title="edit_cache">
				<Option working_dir="/Users/govind/OneDrive - University College London/Documents/C/Logic And Databases/FormulaParser"/>
				<Option type="4"/>
				<MakeCommands>
					<Build command="/usr/bin/make -j4 -f &quot;/Users/govind/OneDrive\ -\ University\ College\ London/Documents/C/Logic\ And\ Databases/FormulaParser/Makefile&quot;  VERBOSE=1 edit_cache"/>
					<CompileFile command="/usr/bin/make -j4 -f &quot;/Users/govind/OneDrive\ -\ University\ College\ London/Documents/C/Logic\ And\ Databases/FormulaParser/Makefile&quot;  VERBOSE=1 &quot;$file&quot;"/>
					<Clean command="/usr/bin/make -j4 -f &quot;/Users/govind/OneDrive\ -\ University\ College\ London/Documents/C/Logic\ And\ Databases/FormulaParser/Makefile&quot;  VERBOSE=1 clean"/>
					<DistClean command="/usr/bin/make -j4 -f &quot;/Users/govind/OneDrive\ -\ University\ College\ London/Documents/C/Logic\ And\ Databases/FormulaParser/Makefile&quot;  VERBOSE=1 clean"/>
				</MakeCommands>
			</Target>
			<Target title="FormulaParser">
				<Option output="/Users/govind/OneDrive - University College London/Documents/C/Logic And Databases/FormulaParser/FormulaParser" prefix_auto="0" extension_auto="0"/>
				<Option working_dir="/Users/govind/OneDrive - University College London/Documents/C/Logic And Databases/FormulaParser"/>
				<Option object_output="./"/>
				<Option type="1"/>
				<Option compiler="gcc"/>
				<Compiler>
					<Add directory="/usr/local/include"/>
					<Add directory="/Library/Developer/CommandLineTools/usr/lib/clang/10.0.1/include"/>
					<Add directory="/Library/Developer/CommandLineTools/usr/include"/>
					<Add directory="/System/Library/Frameworks"/>
					<Add directory="/Library/Frameworks"/>
				</Compiler>
				<MakeCommands>
					<Build command="/usr/bin/make -j4 -f &quot;/Users/govind/OneDrive\ -\ University\ College\ London/Documents/C/Logic\ And\ Databases/FormulaParser/Makefile&quot;  VERBOSE=1 FormulaParser"/>
					<CompileFile command="/usr/bin/make -j4 -f &quot;/Users/govind/OneDrive\ -\ University\ College\ London/Documents/C/Logic\ And\ Databases/FormulaParser/Makefile&quot;  VERBOSE=1 &quot;$file&quot;"/>
					<Clean command="/usr/bin/make -j4 -f &quot;/Users/govind/OneDrive\ -\ University\ College\ London/Documents/C/Logic\ And\ Databases/FormulaParser/Makefile&quot;  VERBOSE=1 clean"/>
					<DistClean command="/usr/bin/make -j4 -f &quot;/Users/govind/OneDrive\ -\ University\ College\ London/Documents/C/Logic\ And\ Databases/FormulaParser/Makefile&quot;  VERBOSE=1 clean"/>
				</MakeCommands>
			</Target>
			<Target title="FormulaParser/fast">
				<Option output="/Users/govind/OneDrive - University College London/Documents/C/Logic And Databases/FormulaParser/FormulaParser" prefix_auto="0" extension_auto="0"/>
				<Option working_dir="/Users/govind/OneDrive - University College London/Documents/C/Logic And Databases/FormulaParser"/>
				<Option object_output="./"/>
				<Option type="1"/>
				<Option compiler="gcc"/>
				<Compiler>
					<Add directory="/usr/local/include"/>
					<Add directory="/Library/Developer/CommandLineTools/usr/lib/clang/10.0.1/include"/>
					<Add directory="/Library/Developer/CommandLineTools/usr/include"/>
					<Add directory="/System/Library/Frameworks"/>
					<Add directory="/Library/Frameworks"/>
				</Compiler>
				<MakeCommands>
					<Build command="/usr/bin/make -j4 -f &quot;/Users/govind/OneDrive\ -\ University\ College\ London/Documents/C/Logic\ And\ Databases/FormulaParser/Makefile&quot;  VERBOSE=1 FormulaParser/fast"/>
					<CompileFile command="/usr/bin/make -j4 -f &quot;/Users/govind/OneDrive\ -\ University\ College\ London/Documents/C/Logic\ And\ Databases/FormulaParser/Makefile&quot;  VERBOSE=1 &quot;$file&quot;"/>
					<Clean command="/usr/bin/make -j4 -f &quot;/Users/govind/OneDrive\ -\ University\ College\ London/Documents/C/Logic\ And\ Databases/FormulaParser/Makefile&quot;  VERBOSE=1 clean"/>
					<DistClean command="/usr/bin/make -j4 -f &quot;/Users/govind/OneDrive\ -\ University\ College\ London/Documents/C/Logic\ And\ Databases/FormulaParser/Makefile&quot;  VERBOSE=1 clean"/>
				</MakeCommands>
			</Target>
		</Build>
		<Unit filename="/Users/govind/OneDrive - University College London/Documents/C/Logic And Databases/FormulaParser/main.c">
			<Option target="FormulaParser"/>
		</Unit>
		<Unit filename="/Users/govind/OneDrive - University College London/Documents/C/Logic And Databases/FormulaParser/CMakeLists.txt">
			<Option virtualFolder="CMake Files\"/>
		</Unit>
	</Project>
</CodeBlocks_project_file>
